
Microsoft Visual Studio Solution File, Format Version 12.00
# Visual Studio 15
VisualStudioVersion = 15.0.27703.2042
MinimumVisualStudioVersion = 10.0.40219.1
Project("{FAE04EC0-301F-11D3-BF4B-00C04F79EFBC}") = "InjectingValueOverride", "InjectingValueOverride\InjectingValueOverride.csproj", "{849E6177-DABA-44F4-954C-5E33CA55B793}"
EndProject
Global
	GlobalSection(SolutionConfigurationPlatforms) = preSolution
		Debug|Any CPU = Debug|Any CPU
		Release|Any CPU = Release|Any CPU
	EndGlobalSection
	GlobalSection(ProjectConfigurationPlatforms) = postSolution
		{849E6177-DABA-44F4-954C-5E33CA55B793}.Debug|Any CPU.ActiveCfg = Debug|Any CPU
		{849E6177-DABA-44F4-954C-5E33CA55B793}.Debug|Any CPU.Build.0 = Debug|Any CPU
		{849E6177-DABA-44F4-954C-5E33CA55B793}.Release|Any CPU.ActiveCfg = Release|Any CPU
		{849E6177-DABA-44F4-954C-5E33CA55B793}.Release|Any CPU.Build.0 = Release|Any CPU
	EndGlobalSection
	GlobalSection(SolutionProperties) = preSolution
		HideSolutionNode = FALSE
	EndGlobalSection
	GlobalSection(ExtensibilityGlobals) = postSolution
		SolutionGuid = {A207E03D-6165-498F-88D9-8A656E49CD9E}
	EndGlobalSection
EndGlobal
